
Microsoft Visual Studio Solution File, Format Version 12.00
Project("{FAE04EC0-301F-11D3-BF4B-00C04F79EFBC}") = "Client", "Client\Client.csproj", "{5EA78970-4CF4-4A5C-818D-FEBCFF1215FD}"
EndProject
Project("{FAE04EC0-301F-11D3-BF4B-00C04F79EFBC}") = "Server", "Server\Server.csproj", "{128039E5-A044-4E7A-B5B2-DBE352AA730D}"
EndProject
Project("{FAE04EC0-301F-11D3-BF4B-00C04F79EFBC}") = "Common", "Common\Common.csproj", "{F8168F00-E107-4625-92DD-210A9E644FF0}"
EndProject
Global
	GlobalSection(SolutionConfigurationPlatforms) = preSolution
		Debug|Any CPU = Debug|Any CPU
		Release|Any CPU = Release|Any CPU
	EndGlobalSection
	GlobalSection(ProjectConfigurationPlatforms) = postSolution
		{5EA78970-4CF4-4A5C-818D-FEBCFF1215FD}.Debug|Any CPU.ActiveCfg = Debug|Any CPU
		{5EA78970-4CF4-4A5C-818D-FEBCFF1215FD}.Debug|Any CPU.Build.0 = Debug|Any CPU
		{5EA78970-4CF4-4A5C-818D-FEBCFF1215FD}.Release|Any CPU.ActiveCfg = Release|Any CPU
		{5EA78970-4CF4-4A5C-818D-FEBCFF1215FD}.Release|Any CPU.Build.0 = Release|Any CPU
		{128039E5-A044-4E7A-B5B2-DBE352AA730D}.Debug|Any CPU.ActiveCfg = Debug|Any CPU
		{128039E5-A044-4E7A-B5B2-DBE352AA730D}.Debug|Any CPU.Build.0 = Debug|Any CPU
		{128039E5-A044-4E7A-B5B2-DBE352AA730D}.Release|Any CPU.ActiveCfg = Release|Any CPU
		{128039E5-A044-4E7A-B5B2-DBE352AA730D}.Release|Any CPU.Build.0 = Release|Any CPU
		{F8168F00-E107-4625-92DD-210A9E644FF0}.Debug|Any CPU.ActiveCfg = Debug|Any CPU
		{F8168F00-E107-4625-92DD-210A9E644FF0}.Debug|Any CPU.Build.0 = Debug|Any CPU
		{F8168F00-E107-4625-92DD-210A9E644FF0}.Release|Any CPU.ActiveCfg = Release|Any CPU
		{F8168F00-E107-4625-92DD-210A9E644FF0}.Release|Any CPU.Build.0 = Release|Any CPU
	EndGlobalSection
EndGlobal
